// !$*UTF8*$!
{
	archiveVersion = 1;
	classes = {
	};
	objectVersion = 55;
	objects = {

/* Begin PBXBuildFile section */
		C36A1561278EACA3008A874D /* AppDelegate.swift in Sources */ = {isa = PBXBuildFile; fileRef = C36A1560278EACA3008A874D /* AppDelegate.swift */; };
		C36A1563278EACA3008A874D /* SceneDelegate.swift in Sources */ = {isa = PBXBuildFile; fileRef = C36A1562278EACA3008A874D /* SceneDelegate.swift */; };
		C36A1565278EACA3008A874D /* ViewController.swift in Sources */ = {isa = PBXBuildFile; fileRef = C36A1564278EACA3008A874D /* ViewController.swift */; };
		C36A1568278EACA3008A874D /* Main.storyboard in Resources */ = {isa = PBXBuildFile; fileRef = C36A1566278EACA3008A874D /* Main.storyboard */; };
		C36A156B278EACA3008A874D /* Grocery_List.xcdatamodeld in Sources */ = {isa = PBXBuildFile; fileRef = C36A1569278EACA3008A874D /* Grocery_List.xcdatamodeld */; };
		C36A156D278EACA5008A874D /* Assets.xcassets in Resources */ = {isa = PBXBuildFile; fileRef = C36A156C278EACA5008A874D /* Assets.xcassets */; };
		C36A1570278EACA5008A874D /* LaunchScreen.storyboard in Resources */ = {isa = PBXBuildFile; fileRef = C36A156E278EACA5008A874D /* LaunchScreen.storyboard */; };
		C36A157B278EACA5008A874D /* Grocery_ListTests.swift in Sources */ = {isa = PBXBuildFile; fileRef = C36A157A278EACA5008A874D /* Grocery_ListTests.swift */; };
		C36A1585278EACA5008A874D /* Grocery_ListUITests.swift in Sources */ = {isa = PBXBuildFile; fileRef = C36A1584278EACA5008A874D /* Grocery_ListUITests.swift */; };
		C36A1587278EACA5008A874D /* Grocery_ListUITestsLaunchTests.swift in Sources */ = {isa = PBXBuildFile; fileRef = C36A1586278EACA5008A874D /* Grocery_ListUITestsLaunchTests.swift */; };
/* End PBXBuildFile section */

/* Begin PBXContainerItemProxy section */
		C36A1577278EACA5008A874D /* PBXContainerItemProxy */ = {
			isa = PBXContainerItemProxy;
			containerPortal = C36A1555278EACA2008A874D /* Project object */;
			proxyType = 1;
			remoteGlobalIDString = C36A155C278EACA3008A874D;
			remoteInfo = "Grocery List";
		};
		C36A1581278EACA5008A874D /* PBXContainerItemProxy */ = {
			isa = PBXContainerItemProxy;
			containerPortal = C36A1555278EACA2008A874D /* Project object */;
			proxyType = 1;
			remoteGlobalIDString = C36A155C278EACA3008A874D;
			remoteInfo = "Grocery List";
		};
/* End PBXContainerItemProxy section */

/* Begin PBXFileReference section */
		C36A155D278EACA3008A874D /* Grocery List.app */ = {isa = PBXFileReference; explicitFileType = wrapper.application; includeInIndex = 0; path = "Grocery List.app"; sourceTree = BUILT_PRODUCTS_DIR; };
		C36A1560278EACA3008A874D /* AppDelegate.swift */ = {isa = PBXFileReference; lastKnownFileType = sourcecode.swift; path = AppDelegate.swift; sourceTree = "<group>"; };
		C36A1562278EACA3008A874D /* SceneDelegate.swift */ = {isa = PBXFileReference; lastKnownFileType = sourcecode.swift; path = SceneDelegate.swift; sourceTree = "<group>"; };
		C36A1564278EACA3008A874D /* ViewController.swift */ = {isa = PBXFileReference; lastKnownFileType = sourcecode.swift; path = ViewController.swift; sourceTree = "<group>"; };
		C36A1567278EACA3008A874D /* Base */ = {isa = PBXFileReference; lastKnownFileType = file.storyboard; name = Base; path = Base.lproj/Main.storyboard; sourceTree = "<group>"; };
		C36A156A278EACA3008A874D /* Grocery_List.xcdatamodel */ = {isa = PBXFileReference; lastKnownFileType = wrapper.xcdatamodel; path = Grocery_List.xcdatamodel; sourceTree = "<group>"; };
		C36A156C278EACA5008A874D /* Assets.xcassets */ = {isa = PBXFileReference; lastKnownFileType = folder.assetcatalog; path = Assets.xcassets; sourceTree = "<group>"; };
		C36A156F278EACA5008A874D /* Base */ = {isa = PBXFileReference; lastKnownFileType = file.storyboard; name = Base; path = Base.lproj/LaunchScreen.storyboard; sourceTree = "<group>"; };
		C36A1571278EACA5008A874D /* Info.plist */ = {isa = PBXFileReference; lastKnownFileType = text.plist.xml; path = Info.plist; sourceTree = "<group>"; };
		C36A1576278EACA5008A874D /* Grocery ListTests.xctest */ = {isa = PBXFileReference; explicitFileType = wrapper.cfbundle; includeInIndex = 0; path = "Grocery ListTests.xctest"; sourceTree = BUILT_PRODUCTS_DIR; };
		C36A157A278EACA5008A874D /* Grocery_ListTests.swift */ = {isa = PBXFileReference; lastKnownFileType = sourcecode.swift; path = Grocery_ListTests.swift; sourceTree = "<group>"; };
		C36A1580278EACA5008A874D /* Grocery ListUITests.xctest */ = {isa = PBXFileReference; explicitFileType = wrapper.cfbundle; includeInIndex = 0; path = "Grocery ListUITests.xctest"; sourceTree = BUILT_PRODUCTS_DIR; };
		C36A1584278EACA5008A874D /* Grocery_ListUITests.swift */ = {isa = PBXFileReference; lastKnownFileType = sourcecode.swift; path = Grocery_ListUITests.swift; sourceTree = "<group>"; };
		C36A1586278EACA5008A874D /* Grocery_ListUITestsLaunchTests.swift */ = {isa = PBXFileReference; lastKnownFileType = sourcecode.swift; path = Grocery_ListUITestsLaunchTests.swift; sourceTree = "<group>"; };
/* End PBXFileReference section */

/* Begin PBXFrameworksBuildPhase section */
		C36A155A278EACA3008A874D /* Frameworks */ = {
			isa = PBXFrameworksBuildPhase;
			buildActionMask = 2147483647;
			files = (
			);
			runOnlyForDeploymentPostprocessing = 0;
		};
		C36A1573278EACA5008A874D /* Frameworks */ = {
			isa = PBXFrameworksBuildPhase;
			buildActionMask = 2147483647;
			files = (
			);
			runOnlyForDeploymentPostprocessing = 0;
		};
		C36A157D278EACA5008A874D /* Frameworks */ = {
			isa = PBXFrameworksBuildPhase;
			buildActionMask = 2147483647;
			files = (
			);
			runOnlyForDeploymentPostprocessing = 0;
		};
/* End PBXFrameworksBuildPhase section */

/* Begin PBXGroup section */
		C36A1554278EACA2008A874D = {
			isa = PBXGroup;
			children = (
				C36A155F278EACA3008A874D /* Grocery List */,
				C36A1579278EACA5008A874D /* Grocery ListTests */,
				C36A1583278EACA5008A874D /* Grocery ListUITests */,
				C36A155E278EACA3008A874D /* Products */,
			);
			sourceTree = "<group>";
		};
		C36A155E278EACA3008A874D /* Products */ = {
			isa = PBXGroup;
			children = (
				C36A155D278EACA3008A874D /* Grocery List.app */,
				C36A1576278EACA5008A874D /* Grocery ListTests.xctest */,
				C36A1580278EACA5008A874D /* Grocery ListUITests.xctest */,
			);
			name = Products;
			sourceTree = "<group>";
		};
		C36A155F278EACA3008A874D /* Grocery List */ = {
			isa = PBXGroup;
			children = (
				C36A1560278EACA3008A874D /* AppDelegate.swift */,
				C36A1562278EACA3008A874D /* SceneDelegate.swift */,
				C36A1564278EACA3008A874D /* ViewController.swift */,
				C36A1566278EACA3008A874D /* Main.storyboard */,
				C36A156C278EACA5008A874D /* Assets.xcassets */,
				C36A156E278EACA5008A874D /* LaunchScreen.storyboard */,
				C36A1571278EACA5008A874D /* Info.plist */,
				C36A1569278EACA3008A874D /* Grocery_List.xcdatamodeld */,
			);
			path = "Grocery List";
			sourceTree = "<group>";
		};
		C36A1579278EACA5008A874D /* Grocery ListTests */ = {
			isa = PBXGroup;
			children = (
				C36A157A278EACA5008A874D /* Grocery_ListTests.swift */,
			);
			path = "Grocery ListTests";
			sourceTree = "<group>";
		};
		C36A1583278EACA5008A874D /* Grocery ListUITests */ = {
			isa = PBXGroup;
			children = (
				C36A1584278EACA5008A874D /* Grocery_ListUITests.swift */,
				C36A1586278EACA5008A874D /* Grocery_ListUITestsLaunchTests.swift */,
			);
			path = "Grocery ListUITests";
			sourceTree = "<group>";
		};
/* End PBXGroup section */

/* Begin PBXNativeTarget section */
		C36A155C278EACA3008A874D /* Grocery List */ = {
			isa = PBXNativeTarget;
			buildConfigurationList = C36A158A278EACA5008A874D /* Build configuration list for PBXNativeTarget "Grocery List" */;
			buildPhases = (
				C36A1559278EACA3008A874D /* Sources */,
				C36A155A278EACA3008A874D /* Frameworks */,
				C36A155B278EACA3008A874D /* Resources */,
			);
			buildRules = (
			);
			dependencies = (
			);
			name = "Grocery List";
			productName = "Grocery List";
			productReference = C36A155D278EACA3008A874D /* Grocery List.app */;
			productType = "com.apple.product-type.application";
		};
		C36A1575278EACA5008A874D /* Grocery ListTests */ = {
			isa = PBXNativeTarget;
			buildConfigurationList = C36A158D278EACA5008A874D /* Build configuration list for PBXNativeTarget "Grocery ListTests" */;
			buildPhases = (
				C36A1572278EACA5008A874D /* Sources */,
				C36A1573278EACA5008A874D /* Frameworks */,
				C36A1574278EACA5008A874D /* Resources */,
			);
			buildRules = (
			);
			dependencies = (
				C36A1578278EACA5008A874D /* PBXTargetDependency */,
			);
			name = "Grocery ListTests";
			productName = "Grocery ListTests";
			productReference = C36A1576278EACA5008A874D /* Grocery ListTests.xctest */;
			productType = "com.apple.product-type.bundle.unit-test";
		};
		C36A157F278EACA5008A874D /* Grocery ListUITests */ = {
			isa = PBXNativeTarget;
			buildConfigurationList = C36A1590278EACA5008A874D /* Build configuration list for PBXNativeTarget "Grocery ListUITests" */;
			buildPhases = (
				C36A157C278EACA5008A874D /* Sources */,
				C36A157D278EACA5008A874D /* Frameworks */,
				C36A157E278EACA5008A874D /* Resources */,
			);
			buildRules = (
			);
			dependencies = (
				C36A1582278EACA5008A874D /* PBXTargetDependency */,
			);
			name = "Grocery ListUITests";
			productName = "Grocery ListUITests";
			productReference = C36A1580278EACA5008A874D /* Grocery ListUITests.xctest */;
			productType = "com.apple.product-type.bundle.ui-testing";
		};
/* End PBXNativeTarget section */

/* Begin PBXProject section */
		C36A1555278EACA2008A874D /* Project object */ = {
			isa = PBXProject;
			attributes = {
				BuildIndependentTargetsInParallel = 1;
				LastSwiftUpdateCheck = 1320;
				LastUpgradeCheck = 1320;
				TargetAttributes = {
					C36A155C278EACA3008A874D = {
						CreatedOnToolsVersion = 13.2.1;
					};
					C36A1575278EACA5008A874D = {
						CreatedOnToolsVersion = 13.2.1;
						TestTargetID = C36A155C278EACA3008A874D;
					};
					C36A157F278EACA5008A874D = {
						CreatedOnToolsVersion = 13.2.1;
						TestTargetID = C36A155C278EACA3008A874D;
					};
				};
			};
			buildConfigurationList = C36A1558278EACA2008A874D /* Build configuration list for PBXProject "Grocery List" */;
			compatibilityVersion = "Xcode 13.0";
			developmentRegion = en;
			hasScannedForEncodings = 0;
			knownRegions = (
				en,
				Base,
			);
			mainGroup = C36A1554278EACA2008A874D;
			productRefGroup = C36A155E278EACA3008A874D /* Products */;
			projectDirPath = "";
			projectRoot = "";
			targets = (
				C36A155C278EACA3008A874D /* Grocery List */,
				C36A1575278EACA5008A874D /* Grocery ListTests */,
				C36A157F278EACA5008A874D /* Grocery ListUITests */,
			);
		};
/* End PBXProject section */

/* Begin PBXResourcesBuildPhase section */
		C36A155B278EACA3008A874D /* Resources */ = {
			isa = PBXResourcesBuildPhase;
			buildActionMask = 2147483647;
			files = (
				C36A1570278EACA5008A874D /* LaunchScreen.storyboard in Resources */,
				C36A156D278EACA5008A874D /* Assets.xcassets in Resources */,
				C36A1568278EACA3008A874D /* Main.storyboard in Resources */,
			);
			runOnlyForDeploymentPostprocessing = 0;
		};
		C36A1574278EACA5008A874D /* Resources */ = {
			isa = PBXResourcesBuildPhase;
			buildActionMask = 2147483647;
			files = (
			);
			runOnlyForDeploymentPostprocessing = 0;
		};
		C36A157E278EACA5008A874D /* Resources */ = {
			isa = PBXResourcesBuildPhase;
			buildActionMask = 2147483647;
			files = (
			);
			runOnlyForDeploymentPostprocessing = 0;
		};
/* End PBXResourcesBuildPhase section */

/* Begin PBXSourcesBuildPhase section */
		C36A1559278EACA3008A874D /* Sources */ = {
			isa = PBXSourcesBuildPhase;
			buildActionMask = 2147483647;
			files = (
				C36A1565278EACA3008A874D /* ViewController.swift in Sources */,
				C36A1561278EACA3008A874D /* AppDelegate.swift in Sources */,
				C36A1563278EACA3008A874D /* SceneDelegate.swift in Sources */,
				C36A156B278EACA3008A874D /* Grocery_List.xcdatamodeld in Sources */,
			);
			runOnlyForDeploymentPostprocessing = 0;
		};
		C36A1572278EACA5008A874D /* Sources */ = {
			isa = PBXSourcesBuildPhase;
			buildActionMask = 2147483647;
			files = (
				C36A157B278EACA5008A874D /* Grocery_ListTests.swift in Sources */,
			);
			runOnlyForDeploymentPostprocessing = 0;
		};
		C36A157C278EACA5008A874D /* Sources */ = {
			isa = PBXSourcesBuildPhase;
			buildActionMask = 2147483647;
			files = (
				C36A1587278EACA5008A874D /* Grocery_ListUITestsLaunchTests.swift in Sources */,
				C36A1585278EACA5008A874D /* Grocery_ListUITests.swift in Sources */,
			);
			runOnlyForDeploymentPostprocessing = 0;
		};
/* End PBXSourcesBuildPhase section */

/* Begin PBXTargetDependency section */
		C36A1578278EACA5008A874D /* PBXTargetDependency */ = {
			isa = PBXTargetDependency;
			target = C36A155C278EACA3008A874D /* Grocery List */;
			targetProxy = C36A1577278EACA5008A874D /* PBXContainerItemProxy */;
		};
		C36A1582278EACA5008A874D /* PBXTargetDependency */ = {
			isa = PBXTargetDependency;
			target = C36A155C278EACA3008A874D /* Grocery List */;
			targetProxy = C36A1581278EACA5008A874D /* PBXContainerItemProxy */;
		};
/* End PBXTargetDependency section */

/* Begin PBXVariantGroup section */
		C36A1566278EACA3008A874D /* Main.storyboard */ = {
			isa = PBXVariantGroup;
			children = (
				C36A1567278EACA3008A874D /* Base */,
			);
			name = Main.storyboard;
			sourceTree = "<group>";
		};
		C36A156E278EACA5008A874D /* LaunchScreen.storyboard */ = {
			isa = PBXVariantGroup;
			children = (
				C36A156F278EACA5008A874D /* Base */,
			);
			name = LaunchScreen.storyboard;
			sourceTree = "<group>";
		};
/* End PBXVariantGroup section */

/* Begin XCBuildConfiguration section */
		C36A1588278EACA5008A874D /* Debug */ = {
			isa = XCBuildConfiguration;
			buildSettings = {
				ALWAYS_SEARCH_USER_PATHS = NO;
				CLANG_ANALYZER_NONNULL = YES;
				CLANG_ANALYZER_NUMBER_OBJECT_CONVERSION = YES_AGGRESSIVE;
				CLANG_CXX_LANGUAGE_STANDARD = "gnu++17";
				CLANG_CXX_LIBRARY = "libc++";
				CLANG_ENABLE_MODULES = YES;
				CLANG_ENABLE_OBJC_ARC = YES;
				CLANG_ENABLE_OBJC_WEAK = YES;
				CLANG_WARN_BLOCK_CAPTURE_AUTORELEASING = YES;
				CLANG_WARN_BOOL_CONVERSION = YES;
				CLANG_WARN_COMMA = YES;
				CLANG_WARN_CONSTANT_CONVERSION = YES;
				CLANG_WARN_DEPRECATED_OBJC_IMPLEMENTATIONS = YES;
				CLANG_WARN_DIRECT_OBJC_ISA_USAGE = YES_ERROR;
				CLANG_WARN_DOCUMENTATION_COMMENTS = YES;
				CLANG_WARN_EMPTY_BODY = YES;
				CLANG_WARN_ENUM_CONVERSION = YES;
				CLANG_WARN_INFINITE_RECURSION = YES;
				CLANG_WARN_INT_CONVERSION = YES;
				CLANG_WARN_NON_LITERAL_NULL_CONVERSION = YES;
				CLANG_WARN_OBJC_IMPLICIT_RETAIN_SELF = YES;
				CLANG_WARN_OBJC_LITERAL_CONVERSION = YES;
				CLANG_WARN_OBJC_ROOT_CLASS = YES_ERROR;
				CLANG_WARN_QUOTED_INCLUDE_IN_FRAMEWORK_HEADER = YES;
				CLANG_WARN_RANGE_LOOP_ANALYSIS = YES;
				CLANG_WARN_STRICT_PROTOTYPES = YES;
				CLANG_WARN_SUSPICIOUS_MOVE = YES;
				CLANG_WARN_UNGUARDED_AVAILABILITY = YES_AGGRESSIVE;
				CLANG_WARN_UNREACHABLE_CODE = YES;
				CLANG_WARN__DUPLICATE_METHOD_MATCH = YES;
				COPY_PHASE_STRIP = NO;
				DEBUG_INFORMATION_FORMAT = dwarf;
				ENABLE_STRICT_OBJC_MSGSEND = YES;
				ENABLE_TESTABILITY = YES;
				GCC_C_LANGUAGE_STANDARD = gnu11;
				GCC_DYNAMIC_NO_PIC = NO;
				GCC_NO_COMMON_BLOCKS = YES;
				GCC_OPTIMIZATION_LEVEL = 0;
				GCC_PREPROCESSOR_DEFINITIONS = (
					"DEBUG=1",
					"$(inherited)",
				);
				GCC_WARN_64_TO_32_BIT_CONVERSION = YES;
				GCC_WARN_ABOUT_RETURN_TYPE = YES_ERROR;
				GCC_WARN_UNDECLARED_SELECTOR = YES;
				GCC_WARN_UNINITIALIZED_AUTOS = YES_AGGRESSIVE;
				GCC_WARN_UNUSED_FUNCTION = YES;
				GCC_WARN_UNUSED_VARIABLE = YES;
				IPHONEOS_DEPLOYMENT_TARGET = 15.2;
				MTL_ENABLE_DEBUG_INFO = INCLUDE_SOURCE;
				MTL_FAST_MATH = YES;
				ONLY_ACTIVE_ARCH = YES;
				SDKROOT = iphoneos;
				SWIFT_ACTIVE_COMPILATION_CONDITIONS = DEBUG;
				SWIFT_OPTIMIZATION_LEVEL = "-Onone";
			};
			name = Debug;
		};
		C36A1589278EACA5008A874D /* Release */ = {
			isa = XCBuildConfiguration;
			buildSettings = {
				ALWAYS_SEARCH_USER_PATHS = NO;
				CLANG_ANALYZER_NONNULL = YES;
				CLANG_ANALYZER_NUMBER_OBJECT_CONVERSION = YES_AGGRESSIVE;
				CLANG_CXX_LANGUAGE_STANDARD = "gnu++17";
				CLANG_CXX_LIBRARY = "libc++";
				CLANG_ENABLE_MODULES = YES;
				CLANG_ENABLE_OBJC_ARC = YES;
				CLANG_ENABLE_OBJC_WEAK = YES;
				CLANG_WARN_BLOCK_CAPTURE_AUTORELEASING = YES;
				CLANG_WARN_BOOL_CONVERSION = YES;
				CLANG_WARN_COMMA = YES;
				CLANG_WARN_CONSTANT_CONVERSION = YES;
				CLANG_WARN_DEPRECATED_OBJC_IMPLEMENTATIONS = YES;
				CLANG_WARN_DIRECT_OBJC_ISA_USAGE = YES_ERROR;
				CLANG_WARN_DOCUMENTATION_COMMENTS = YES;
				CLANG_WARN_EMPTY_BODY = YES;
				CLANG_WARN_ENUM_CONVERSION = YES;
				CLANG_WARN_INFINITE_RECURSION = YES;
				CLANG_WARN_INT_CONVERSION = YES;
				CLANG_WARN_NON_LITERAL_NULL_CONVERSION = YES;
				CLANG_WARN_OBJC_IMPLICIT_RETAIN_SELF = YES;
				CLANG_WARN_OBJC_LITERAL_CONVERSION = YES;
				CLANG_WARN_OBJC_ROOT_CLASS = YES_ERROR;
				CLANG_WARN_QUOTED_INCLUDE_IN_FRAMEWORK_HEADER = YES;
				CLANG_WARN_RANGE_LOOP_ANALYSIS = YES;
				CLANG_WARN_STRICT_PROTOTYPES = YES;
				CLANG_WARN_SUSPICIOUS_MOVE = YES;
				CLANG_WARN_UNGUARDED_AVAILABILITY = YES_AGGRESSIVE;
				CLANG_WARN_UNREACHABLE_CODE = YES;
				CLANG_WARN__DUPLICATE_METHOD_MATCH = YES;
				COPY_PHASE_STRIP = NO;
				DEBUG_INFORMATION_FORMAT = "dwarf-with-dsym";
				ENABLE_NS_ASSERTIONS = NO;
				ENABLE_STRICT_OBJC_MSGSEND = YES;
				GCC_C_LANGUAGE_STANDARD = gnu11;
				GCC_NO_COMMON_BLOCKS = YES;
				GCC_WARN_64_TO_32_BIT_CONVERSION = YES;
				GCC_WARN_ABOUT_RETURN_TYPE = YES_ERROR;
				GCC_WARN_UNDECLARED_SELECTOR = YES;
				GCC_WARN_UNINITIALIZED_AUTOS = YES_AGGRESSIVE;
				GCC_WARN_UNUSED_FUNCTION = YES;
				GCC_WARN_UNUSED_VARIABLE = YES;
				IPHONEOS_DEPLOYMENT_TARGET = 15.2;
				MTL_ENABLE_DEBUG_INFO = NO;
				MTL_FAST_MATH = YES;
				SDKROOT = iphoneos;
				SWIFT_COMPILATION_MODE = wholemodule;
				SWIFT_OPTIMIZATION_LEVEL = "-O";
				VALIDATE_PRODUCT = YES;
			};
			name = Release;
		};
		C36A158B278EACA5008A874D /* Debug */ = {
			isa = XCBuildConfiguration;
			buildSettings = {
				ASSETCATALOG_COMPILER_APPICON_NAME = AppIcon;
				ASSETCATALOG_COMPILER_GLOBAL_ACCENT_COLOR_NAME = AccentColor;
				CODE_SIGN_STYLE = Automatic;
				CURRENT_PROJECT_VERSION = 1;
				DEVELOPMENT_TEAM = 7KWL3JF38Q;
				GENERATE_INFOPLIST_FILE = YES;
				INFOPLIST_FILE = "Grocery List/Info.plist";
				INFOPLIST_KEY_UIApplicationSupportsIndirectInputEvents = YES;
				INFOPLIST_KEY_UILaunchStoryboardName = LaunchScreen;
				INFOPLIST_KEY_UIMainStoryboardFile = Main;
				INFOPLIST_KEY_UISupportedInterfaceOrientations_iPad = "UIInterfaceOrientationPortrait UIInterfaceOrientationPortraitUpsideDown UIInterfaceOrientationLandscapeLeft UIInterfaceOrientationLandscapeRight";
				INFOPLIST_KEY_UISupportedInterfaceOrientations_iPhone = "UIInterfaceOrientationPortrait UIInterfaceOrientationLandscapeLeft UIInterfaceOrientationLandscapeRight";
				LD_RUNPATH_SEARCH_PATHS = (
					"$(inherited)",
					"@executable_path/Frameworks",
				);
				MARKETING_VERSION = 1.0;
				PRODUCT_BUNDLE_IDENTIFIER = "Reemz.Grocery-List";
				PRODUCT_NAME = "$(TARGET_NAME)";
				SWIFT_EMIT_LOC_STRINGS = YES;
				SWIFT_VERSION = 5.0;
				TARGETED_DEVICE_FAMILY = "1,2";
			};
			name = Debug;
		};
		C36A158C278EACA5008A874D /* Release */ = {
			isa = XCBuildConfiguration;
			buildSettings = {
				ASSETCATALOG_COMPILER_APPICON_NAME = AppIcon;
				ASSETCATALOG_COMPILER_GLOBAL_ACCENT_COLOR_NAME = AccentColor;
				CODE_SIGN_STYLE = Automatic;
				CURRENT_PROJECT_VERSION = 1;
				DEVELOPMENT_TEAM = 7KWL3JF38Q;
				GENERATE_INFOPLIST_FILE = YES;
				INFOPLIST_FILE = "Grocery List/Info.plist";
				INFOPLIST_KEY_UIApplicationSupportsIndirectInputEvents = YES;
				INFOPLIST_KEY_UILaunchStoryboardName = LaunchScreen;
				INFOPLIST_KEY_UIMainStoryboardFile = Main;
				INFOPLIST_KEY_UISupportedInterfaceOrientations_iPad = "UIInterfaceOrientationPortrait UIInterfaceOrientationPortraitUpsideDown UIInterfaceOrientationLandscapeLeft UIInterfaceOrientationLandscapeRight";
				INFOPLIST_KEY_UISupportedInterfaceOrientations_iPhone = "UIInterfaceOrientationPortrait UIInterfaceOrientationLandscapeLeft UIInterfaceOrientationLandscapeRight";
				LD_RUNPATH_SEARCH_PATHS = (
					"$(inherited)",
					"@executable_path/Frameworks",
				);
				MARKETING_VERSION = 1.0;
				PRODUCT_BUNDLE_IDENTIFIER = "Reemz.Grocery-List";
				PRODUCT_NAME = "$(TARGET_NAME)";
				SWIFT_EMIT_LOC_STRINGS = YES;
				SWIFT_VERSION = 5.0;
				TARGETED_DEVICE_FAMILY = "1,2";
			};
			name = Release;
		};
		C36A158E278EACA5008A874D /* Debug */ = {
			isa = XCBuildConfiguration;
			buildSettings = {
				ALWAYS_EMBED_SWIFT_STANDARD_LIBRARIES = YES;
				BUNDLE_LOADER = "$(TEST_HOST)";
				CODE_SIGN_STYLE = Automatic;
				CURRENT_PROJECT_VERSION = 1;
				DEVELOPMENT_TEAM = 7KWL3JF38Q;
				GENERATE_INFOPLIST_FILE = YES;
				IPHONEOS_DEPLOYMENT_TARGET = 15.2;
				MARKETING_VERSION = 1.0;
				PRODUCT_BUNDLE_IDENTIFIER = "Reemz.Grocery-ListTests";
				PRODUCT_NAME = "$(TARGET_NAME)";
				SWIFT_EMIT_LOC_STRINGS = NO;
				SWIFT_VERSION = 5.0;
				TARGETED_DEVICE_FAMILY = "1,2";
				TEST_HOST = "$(BUILT_PRODUCTS_DIR)/Grocery List.app/Grocery List";
			};
			name = Debug;
		};
		C36A158F278EACA5008A874D /* Release */ = {
			isa = XCBuildConfiguration;
			buildSettings = {
				ALWAYS_EMBED_SWIFT_STANDARD_LIBRARIES = YES;
				BUNDLE_LOADER = "$(TEST_HOST)";
				CODE_SIGN_STYLE = Automatic;
				CURRENT_PROJECT_VERSION = 1;
				DEVELOPMENT_TEAM = 7KWL3JF38Q;
				GENERATE_INFOPLIST_FILE = YES;
				IPHONEOS_DEPLOYMENT_TARGET = 15.2;
				MARKETING_VERSION = 1.0;
				PRODUCT_BUNDLE_IDENTIFIER = "Reemz.Grocery-ListTests";
				PRODUCT_NAME = "$(TARGET_NAME)";
				SWIFT_EMIT_LOC_STRINGS = NO;
				SWIFT_VERSION = 5.0;
				TARGETED_DEVICE_FAMILY = "1,2";
				TEST_HOST = "$(BUILT_PRODUCTS_DIR)/Grocery List.app/Grocery List";
			};
			name = Release;
		};
		C36A1591278EACA5008A874D /* Debug */ = {
			isa = XCBuildConfiguration;
			buildSettings = {
				ALWAYS_EMBED_SWIFT_STANDARD_LIBRARIES = YES;
				CODE_SIGN_STYLE = Automatic;
				CURRENT_PROJECT_VERSION = 1;
				DEVELOPMENT_TEAM = 7KWL3JF38Q;
				GENERATE_INFOPLIST_FILE = YES;
				MARKETING_VERSION = 1.0;
				PRODUCT_BUNDLE_IDENTIFIER = "Reemz.Grocery-ListUITests";
				PRODUCT_NAME = "$(TARGET_NAME)";
				SWIFT_EMIT_LOC_STRINGS = NO;
				SWIFT_VERSION = 5.0;
				TARGETED_DEVICE_FAMILY = "1,2";
				TEST_TARGET_NAME = "Grocery List";
			};
			name = Debug;
		};
		C36A1592278EACA5008A874D /* Release */ = {
			isa = XCBuildConfiguration;
			buildSettings = {
				ALWAYS_EMBED_SWIFT_STANDARD_LIBRARIES = YES;
				CODE_SIGN_STYLE = Automatic;
				CURRENT_PROJECT_VERSION = 1;
				DEVELOPMENT_TEAM = 7KWL3JF38Q;
				GENERATE_INFOPLIST_FILE = YES;
				MARKETING_VERSION = 1.0;
				PRODUCT_BUNDLE_IDENTIFIER = "Reemz.Grocery-ListUITests";
				PRODUCT_NAME = "$(TARGET_NAME)";
				SWIFT_EMIT_LOC_STRINGS = NO;
				SWIFT_VERSION = 5.0;
				TARGETED_DEVICE_FAMILY = "1,2";
				TEST_TARGET_NAME = "Grocery List";
			};
			name = Release;
		};
/* End XCBuildConfiguration section */

/* Begin XCConfigurationList section */
		C36A1558278EACA2008A874D /* Build configuration list for PBXProject "Grocery List" */ = {
			isa = XCConfigurationList;
			buildConfigurations = (
				C36A1588278EACA5008A874D /* Debug */,
				C36A1589278EACA5008A874D /* Release */,
			);
			defaultConfigurationIsVisible = 0;
			defaultConfigurationName = Release;
		};
		C36A158A278EACA5008A874D /* Build configuration list for PBXNativeTarget "Grocery List" */ = {
			isa = XCConfigurationList;
			buildConfigurations = (
				C36A158B278EACA5008A874D /* Debug */,
				C36A158C278EACA5008A874D /* Release */,
			);
			defaultConfigurationIsVisible = 0;
			defaultConfigurationName = Release;
		};
		C36A158D278EACA5008A874D /* Build configuration list for PBXNativeTarget "Grocery ListTests" */ = {
			isa = XCConfigurationList;
			buildConfigurations = (
				C36A158E278EACA5008A874D /* Debug */,
				C36A158F278EACA5008A874D /* Release */,
			);
			defaultConfigurationIsVisible = 0;
			defaultConfigurationName = Release;
		};
		C36A1590278EACA5008A874D /* Build configuration list for PBXNativeTarget "Grocery ListUITests" */ = {
			isa = XCConfigurationList;
			buildConfigurations = (
				C36A1591278EACA5008A874D /* Debug */,
				C36A1592278EACA5008A874D /* Release */,
			);
			defaultConfigurationIsVisible = 0;
			defaultConfigurationName = Release;
		};
/* End XCConfigurationList section */

/* Begin XCVersionGroup section */
		C36A1569278EACA3008A874D /* Grocery_List.xcdatamodeld */ = {
			isa = XCVersionGroup;
			children = (
				C36A156A278EACA3008A874D /* Grocery_List.xcdatamodel */,
			);
			currentVersion = C36A156A278EACA3008A874D /* Grocery_List.xcdatamodel */;
			path = Grocery_List.xcdatamodeld;
			sourceTree = "<group>";
			versionGroupType = wrapper.xcdatamodel;
		};
/* End XCVersionGroup section */
	};
	rootObject = C36A1555278EACA2008A874D /* Project object */;
}
